
Microsoft Visual Studio Solution File, Format Version 12.00
# Visual Studio Version 16
VisualStudioVersion = 16.0.30011.22
MinimumVisualStudioVersion = 10.0.40219.1
Project("{FAE04EC0-301F-11D3-BF4B-00C04F79EFBC}") = "Gestion-Art-Desktop", "Gestion-Art-Desktop\Gestion-Art-Desktop.csproj", "{6A4390EA-5498-4942-8EFC-9607F7CDC124}"
EndProject
Project("{FAE04EC0-301F-11D3-BF4B-00C04F79EFBC}") = "Dominio", "Dominio\Dominio.csproj", "{00EDB850-90B1-48F7-B182-3853DD867262}"
EndProject
Project("{FAE04EC0-301F-11D3-BF4B-00C04F79EFBC}") = "Negocio", "Negocio\Negocio.csproj", "{77ADBE13-66BD-4DBD-9311-2E0A6EAFCB2D}"
EndProject
Project("{FAE04EC0-301F-11D3-BF4B-00C04F79EFBC}") = "Gestion_Artículos_Web", "Gestion_Artículos_Web\Gestion_Artículos_Web.csproj", "{9E008486-AE08-4997-B998-43A74947DBCB}"
EndProject
Global
	GlobalSection(SolutionConfigurationPlatforms) = preSolution
		Debug|Any CPU = Debug|Any CPU
		Release|Any CPU = Release|Any CPU
	EndGlobalSection
	GlobalSection(ProjectConfigurationPlatforms) = postSolution
		{6A4390EA-5498-4942-8EFC-9607F7CDC124}.Debug|Any CPU.ActiveCfg = Debug|Any CPU
		{6A4390EA-5498-4942-8EFC-9607F7CDC124}.Debug|Any CPU.Build.0 = Debug|Any CPU
		{6A4390EA-5498-4942-8EFC-9607F7CDC124}.Release|Any CPU.ActiveCfg = Release|Any CPU
		{6A4390EA-5498-4942-8EFC-9607F7CDC124}.Release|Any CPU.Build.0 = Release|Any CPU
		{00EDB850-90B1-48F7-B182-3853DD867262}.Debug|Any CPU.ActiveCfg = Debug|Any CPU
		{00EDB850-90B1-48F7-B182-3853DD867262}.Debug|Any CPU.Build.0 = Debug|Any CPU
		{00EDB850-90B1-48F7-B182-3853DD867262}.Release|Any CPU.ActiveCfg = Release|Any CPU
		{00EDB850-90B1-48F7-B182-3853DD867262}.Release|Any CPU.Build.0 = Release|Any CPU
		{77ADBE13-66BD-4DBD-9311-2E0A6EAFCB2D}.Debug|Any CPU.ActiveCfg = Debug|Any CPU
		{77ADBE13-66BD-4DBD-9311-2E0A6EAFCB2D}.Debug|Any CPU.Build.0 = Debug|Any CPU
		{77ADBE13-66BD-4DBD-9311-2E0A6EAFCB2D}.Release|Any CPU.ActiveCfg = Release|Any CPU
		{77ADBE13-66BD-4DBD-9311-2E0A6EAFCB2D}.Release|Any CPU.Build.0 = Release|Any CPU
		{9E008486-AE08-4997-B998-43A74947DBCB}.Debug|Any CPU.ActiveCfg = Debug|Any CPU
		{9E008486-AE08-4997-B998-43A74947DBCB}.Debug|Any CPU.Build.0 = Debug|Any CPU
		{9E008486-AE08-4997-B998-43A74947DBCB}.Release|Any CPU.ActiveCfg = Release|Any CPU
		{9E008486-AE08-4997-B998-43A74947DBCB}.Release|Any CPU.Build.0 = Release|Any CPU
	EndGlobalSection
	GlobalSection(SolutionProperties) = preSolution
		HideSolutionNode = FALSE
	EndGlobalSection
	GlobalSection(ExtensibilityGlobals) = postSolution
		SolutionGuid = {9ADA77C3-033F-4141-93F9-4476627854D1}
	EndGlobalSection
EndGlobal
